// !$*UTF8*$!
{
	archiveVersion = 1;
	classes = {
	};
	objectVersion = 50;
	objects = {

/* Begin PBXBuildFile section */
		D1EE9444267026E1000430AE /* love_rugsApp.swift in Sources */ = {isa = PBXBuildFile; fileRef = D1EE9443267026E1000430AE /* love_rugsApp.swift */; };
		D1EE9446267026E1000430AE /* ShoppingItemView.swift in Sources */ = {isa = PBXBuildFile; fileRef = D1EE9445267026E1000430AE /* ShoppingItemView.swift */; };
		D1EE9448267026E5000430AE /* Assets.xcassets in Resources */ = {isa = PBXBuildFile; fileRef = D1EE9447267026E5000430AE /* Assets.xcassets */; };
		D1EE944B267026E5000430AE /* Preview Assets.xcassets in Resources */ = {isa = PBXBuildFile; fileRef = D1EE944A267026E5000430AE /* Preview Assets.xcassets */; };
		D1EE945426702F54000430AE /* Data.json in Resources */ = {isa = PBXBuildFile; fileRef = D1EE945326702F54000430AE /* Data.json */; };
		D1EE945C26716C02000430AE /* ShoppingItemModel.swift in Sources */ = {isa = PBXBuildFile; fileRef = D1EE945B26716C02000430AE /* ShoppingItemModel.swift */; };
		D1EE945F26741049000430AE /* ShoppingItemService.swift in Sources */ = {isa = PBXBuildFile; fileRef = D1EE945E26741049000430AE /* ShoppingItemService.swift */; };
		D1EE946126751830000430AE /* ShoppingItemSingleView.swift in Sources */ = {isa = PBXBuildFile; fileRef = D1EE946026751830000430AE /* ShoppingItemSingleView.swift */; };
		D1EE94632677B225000430AE /* ShoppingItem.swift in Sources */ = {isa = PBXBuildFile; fileRef = D1EE94622677B225000430AE /* ShoppingItem.swift */; };
/* End PBXBuildFile section */

/* Begin PBXFileReference section */
		D1EE9440267026E1000430AE /* love-rugs.app */ = {isa = PBXFileReference; explicitFileType = wrapper.application; includeInIndex = 0; path = "love-rugs.app"; sourceTree = BUILT_PRODUCTS_DIR; };
		D1EE9443267026E1000430AE /* love_rugsApp.swift */ = {isa = PBXFileReference; lastKnownFileType = sourcecode.swift; path = love_rugsApp.swift; sourceTree = "<group>"; };
		D1EE9445267026E1000430AE /* ShoppingItemView.swift */ = {isa = PBXFileReference; lastKnownFileType = sourcecode.swift; path = ShoppingItemView.swift; sourceTree = "<group>"; };
		D1EE9447267026E5000430AE /* Assets.xcassets */ = {isa = PBXFileReference; lastKnownFileType = folder.assetcatalog; path = Assets.xcassets; sourceTree = "<group>"; };
		D1EE944A267026E5000430AE /* Preview Assets.xcassets */ = {isa = PBXFileReference; lastKnownFileType = folder.assetcatalog; path = "Preview Assets.xcassets"; sourceTree = "<group>"; };
		D1EE944C267026E5000430AE /* Info.plist */ = {isa = PBXFileReference; lastKnownFileType = text.plist.xml; path = Info.plist; sourceTree = "<group>"; };
		D1EE945326702F54000430AE /* Data.json */ = {isa = PBXFileReference; fileEncoding = 4; lastKnownFileType = text.json; path = Data.json; sourceTree = "<group>"; };
		D1EE945B26716C02000430AE /* ShoppingItemModel.swift */ = {isa = PBXFileReference; lastKnownFileType = sourcecode.swift; path = ShoppingItemModel.swift; sourceTree = "<group>"; };
		D1EE945E26741049000430AE /* ShoppingItemService.swift */ = {isa = PBXFileReference; lastKnownFileType = sourcecode.swift; path = ShoppingItemService.swift; sourceTree = "<group>"; };
		D1EE946026751830000430AE /* ShoppingItemSingleView.swift */ = {isa = PBXFileReference; lastKnownFileType = sourcecode.swift; path = ShoppingItemSingleView.swift; sourceTree = "<group>"; };
		D1EE94622677B225000430AE /* ShoppingItem.swift */ = {isa = PBXFileReference; lastKnownFileType = sourcecode.swift; path = ShoppingItem.swift; sourceTree = "<group>"; };
/* End PBXFileReference section */

/* Begin PBXFrameworksBuildPhase section */
		D1EE943D267026E1000430AE /* Frameworks */ = {
			isa = PBXFrameworksBuildPhase;
			buildActionMask = 2147483647;
			files = (
			);
			runOnlyForDeploymentPostprocessing = 0;
		};
/* End PBXFrameworksBuildPhase section */

/* Begin PBXGroup section */
		D1EE9437267026E1000430AE = {
			isa = PBXGroup;
			children = (
				D1EE9442267026E1000430AE /* love-rugs */,
				D1EE9441267026E1000430AE /* Products */,
			);
			sourceTree = "<group>";
		};
		D1EE9441267026E1000430AE /* Products */ = {
			isa = PBXGroup;
			children = (
				D1EE9440267026E1000430AE /* love-rugs.app */,
			);
			name = Products;
			sourceTree = "<group>";
		};
		D1EE9442267026E1000430AE /* love-rugs */ = {
			isa = PBXGroup;
			children = (
				D1EE945D26740FF9000430AE /* Services */,
				D1EE945826703216000430AE /* Models */,
				D1EE945726703130000430AE /* Views */,
				D1EE945526703108000430AE /* ViewModels */,
				D1EE945226702ED1000430AE /* Data */,
				D1EE9443267026E1000430AE /* love_rugsApp.swift */,
				D1EE9447267026E5000430AE /* Assets.xcassets */,
				D1EE944C267026E5000430AE /* Info.plist */,
				D1EE9449267026E5000430AE /* Preview Content */,
			);
			path = "love-rugs";
			sourceTree = "<group>";
		};
		D1EE9449267026E5000430AE /* Preview Content */ = {
			isa = PBXGroup;
			children = (
				D1EE944A267026E5000430AE /* Preview Assets.xcassets */,
			);
			path = "Preview Content";
			sourceTree = "<group>";
		};
		D1EE945226702ED1000430AE /* Data */ = {
			isa = PBXGroup;
			children = (
				D1EE945326702F54000430AE /* Data.json */,
			);
			path = Data;
			sourceTree = "<group>";
		};
		D1EE945526703108000430AE /* ViewModels */ = {
			isa = PBXGroup;
			children = (
				D1EE945B26716C02000430AE /* ShoppingItemModel.swift */,
			);
			path = ViewModels;
			sourceTree = "<group>";
		};
		D1EE945726703130000430AE /* Views */ = {
			isa = PBXGroup;
			children = (
				D1EE9445267026E1000430AE /* ShoppingItemView.swift */,
				D1EE946026751830000430AE /* ShoppingItemSingleView.swift */,
			);
			path = Views;
			sourceTree = "<group>";
		};
		D1EE945826703216000430AE /* Models */ = {
			isa = PBXGroup;
			children = (
				D1EE94622677B225000430AE /* ShoppingItem.swift */,
			);
			path = Models;
			sourceTree = "<group>";
		};
		D1EE945D26740FF9000430AE /* Services */ = {
			isa = PBXGroup;
			children = (
				D1EE945E26741049000430AE /* ShoppingItemService.swift */,
			);
			path = Services;
			sourceTree = "<group>";
		};
/* End PBXGroup section */

/* Begin PBXNativeTarget section */
		D1EE943F267026E1000430AE /* love-rugs */ = {
			isa = PBXNativeTarget;
			buildConfigurationList = D1EE944F267026E5000430AE /* Build configuration list for PBXNativeTarget "love-rugs" */;
			buildPhases = (
				D1EE943C267026E1000430AE /* Sources */,
				D1EE943D267026E1000430AE /* Frameworks */,
				D1EE943E267026E1000430AE /* Resources */,
			);
			buildRules = (
			);
			dependencies = (
			);
			name = "love-rugs";
			productName = "love-rugs";
			productReference = D1EE9440267026E1000430AE /* love-rugs.app */;
			productType = "com.apple.product-type.application";
		};
/* End PBXNativeTarget section */

/* Begin PBXProject section */
		D1EE9438267026E1000430AE /* Project object */ = {
			isa = PBXProject;
			attributes = {
				LastSwiftUpdateCheck = 1250;
				LastUpgradeCheck = 1250;
				TargetAttributes = {
					D1EE943F267026E1000430AE = {
						CreatedOnToolsVersion = 12.5;
					};
				};
			};
			buildConfigurationList = D1EE943B267026E1000430AE /* Build configuration list for PBXProject "love-rugs" */;
			compatibilityVersion = "Xcode 9.3";
			developmentRegion = en;
			hasScannedForEncodings = 0;
			knownRegions = (
				en,
				Base,
			);
			mainGroup = D1EE9437267026E1000430AE;
			productRefGroup = D1EE9441267026E1000430AE /* Products */;
			projectDirPath = "";
			projectRoot = "";
			targets = (
				D1EE943F267026E1000430AE /* love-rugs */,
			);
		};
/* End PBXProject section */

/* Begin PBXResourcesBuildPhase section */
		D1EE943E267026E1000430AE /* Resources */ = {
			isa = PBXResourcesBuildPhase;
			buildActionMask = 2147483647;
			files = (
				D1EE944B267026E5000430AE /* Preview Assets.xcassets in Resources */,
				D1EE9448267026E5000430AE /* Assets.xcassets in Resources */,
				D1EE945426702F54000430AE /* Data.json in Resources */,
			);
			runOnlyForDeploymentPostprocessing = 0;
		};
/* End PBXResourcesBuildPhase section */

/* Begin PBXSourcesBuildPhase section */
		D1EE943C267026E1000430AE /* Sources */ = {
			isa = PBXSourcesBuildPhase;
			buildActionMask = 2147483647;
			files = (
				D1EE946126751830000430AE /* ShoppingItemSingleView.swift in Sources */,
				D1EE9446267026E1000430AE /* ShoppingItemView.swift in Sources */,
				D1EE945C26716C02000430AE /* ShoppingItemModel.swift in Sources */,
				D1EE94632677B225000430AE /* ShoppingItem.swift in Sources */,
				D1EE9444267026E1000430AE /* love_rugsApp.swift in Sources */,
				D1EE945F26741049000430AE /* ShoppingItemService.swift in Sources */,
			);
			runOnlyForDeploymentPostprocessing = 0;
		};
/* End PBXSourcesBuildPhase section */

/* Begin XCBuildConfiguration section */
		D1EE944D267026E5000430AE /* Debug */ = {
			isa = XCBuildConfiguration;
			buildSettings = {
				ALWAYS_SEARCH_USER_PATHS = NO;
				CLANG_ANALYZER_NONNULL = YES;
				CLANG_ANALYZER_NUMBER_OBJECT_CONVERSION = YES_AGGRESSIVE;
				CLANG_CXX_LANGUAGE_STANDARD = "gnu++14";
				CLANG_CXX_LIBRARY = "libc++";
				CLANG_ENABLE_MODULES = YES;
				CLANG_ENABLE_OBJC_ARC = YES;
				CLANG_ENABLE_OBJC_WEAK = YES;
				CLANG_WARN_BLOCK_CAPTURE_AUTORELEASING = YES;
				CLANG_WARN_BOOL_CONVERSION = YES;
				CLANG_WARN_COMMA = YES;
				CLANG_WARN_CONSTANT_CONVERSION = YES;
				CLANG_WARN_DEPRECATED_OBJC_IMPLEMENTATIONS = YES;
				CLANG_WARN_DIRECT_OBJC_ISA_USAGE = YES_ERROR;
				CLANG_WARN_DOCUMENTATION_COMMENTS = YES;
				CLANG_WARN_EMPTY_BODY = YES;
				CLANG_WARN_ENUM_CONVERSION = YES;
				CLANG_WARN_INFINITE_RECURSION = YES;
				CLANG_WARN_INT_CONVERSION = YES;
				CLANG_WARN_NON_LITERAL_NULL_CONVERSION = YES;
				CLANG_WARN_OBJC_IMPLICIT_RETAIN_SELF = YES;
				CLANG_WARN_OBJC_LITERAL_CONVERSION = YES;
				CLANG_WARN_OBJC_ROOT_CLASS = YES_ERROR;
				CLANG_WARN_QUOTED_INCLUDE_IN_FRAMEWORK_HEADER = YES;
				CLANG_WARN_RANGE_LOOP_ANALYSIS = YES;
				CLANG_WARN_STRICT_PROTOTYPES = YES;
				CLANG_WARN_SUSPICIOUS_MOVE = YES;
				CLANG_WARN_UNGUARDED_AVAILABILITY = YES_AGGRESSIVE;
				CLANG_WARN_UNREACHABLE_CODE = YES;
				CLANG_WARN__DUPLICATE_METHOD_MATCH = YES;
				COPY_PHASE_STRIP = NO;
				DEBUG_INFORMATION_FORMAT = dwarf;
				ENABLE_STRICT_OBJC_MSGSEND = YES;
				ENABLE_TESTABILITY = YES;
				GCC_C_LANGUAGE_STANDARD = gnu11;
				GCC_DYNAMIC_NO_PIC = NO;
				GCC_NO_COMMON_BLOCKS = YES;
				GCC_OPTIMIZATION_LEVEL = 0;
				GCC_PREPROCESSOR_DEFINITIONS = (
					"DEBUG=1",
					"$(inherited)",
				);
				GCC_WARN_64_TO_32_BIT_CONVERSION = YES;
				GCC_WARN_ABOUT_RETURN_TYPE = YES_ERROR;
				GCC_WARN_UNDECLARED_SELECTOR = YES;
				GCC_WARN_UNINITIALIZED_AUTOS = YES_AGGRESSIVE;
				GCC_WARN_UNUSED_FUNCTION = YES;
				GCC_WARN_UNUSED_VARIABLE = YES;
				IPHONEOS_DEPLOYMENT_TARGET = 14.5;
				MTL_ENABLE_DEBUG_INFO = INCLUDE_SOURCE;
				MTL_FAST_MATH = YES;
				ONLY_ACTIVE_ARCH = YES;
				SDKROOT = iphoneos;
				SWIFT_ACTIVE_COMPILATION_CONDITIONS = DEBUG;
				SWIFT_OPTIMIZATION_LEVEL = "-Onone";
			};
			name = Debug;
		};
		D1EE944E267026E5000430AE /* Release */ = {
			isa = XCBuildConfiguration;
			buildSettings = {
				ALWAYS_SEARCH_USER_PATHS = NO;
				CLANG_ANALYZER_NONNULL = YES;
				CLANG_ANALYZER_NUMBER_OBJECT_CONVERSION = YES_AGGRESSIVE;
				CLANG_CXX_LANGUAGE_STANDARD = "gnu++14";
				CLANG_CXX_LIBRARY = "libc++";
				CLANG_ENABLE_MODULES = YES;
				CLANG_ENABLE_OBJC_ARC = YES;
				CLANG_ENABLE_OBJC_WEAK = YES;
				CLANG_WARN_BLOCK_CAPTURE_AUTORELEASING = YES;
				CLANG_WARN_BOOL_CONVERSION = YES;
				CLANG_WARN_COMMA = YES;
				CLANG_WARN_CONSTANT_CONVERSION = YES;
				CLANG_WARN_DEPRECATED_OBJC_IMPLEMENTATIONS = YES;
				CLANG_WARN_DIRECT_OBJC_ISA_USAGE = YES_ERROR;
				CLANG_WARN_DOCUMENTATION_COMMENTS = YES;
				CLANG_WARN_EMPTY_BODY = YES;
				CLANG_WARN_ENUM_CONVERSION = YES;
				CLANG_WARN_INFINITE_RECURSION = YES;
				CLANG_WARN_INT_CONVERSION = YES;
				CLANG_WARN_NON_LITERAL_NULL_CONVERSION = YES;
				CLANG_WARN_OBJC_IMPLICIT_RETAIN_SELF = YES;
				CLANG_WARN_OBJC_LITERAL_CONVERSION = YES;
				CLANG_WARN_OBJC_ROOT_CLASS = YES_ERROR;
				CLANG_WARN_QUOTED_INCLUDE_IN_FRAMEWORK_HEADER = YES;
				CLANG_WARN_RANGE_LOOP_ANALYSIS = YES;
				CLANG_WARN_STRICT_PROTOTYPES = YES;
				CLANG_WARN_SUSPICIOUS_MOVE = YES;
				CLANG_WARN_UNGUARDED_AVAILABILITY = YES_AGGRESSIVE;
				CLANG_WARN_UNREACHABLE_CODE = YES;
				CLANG_WARN__DUPLICATE_METHOD_MATCH = YES;
				COPY_PHASE_STRIP = NO;
				DEBUG_INFORMATION_FORMAT = "dwarf-with-dsym";
				ENABLE_NS_ASSERTIONS = NO;
				ENABLE_STRICT_OBJC_MSGSEND = YES;
				GCC_C_LANGUAGE_STANDARD = gnu11;
				GCC_NO_COMMON_BLOCKS = YES;
				GCC_WARN_64_TO_32_BIT_CONVERSION = YES;
				GCC_WARN_ABOUT_RETURN_TYPE = YES_ERROR;
				GCC_WARN_UNDECLARED_SELECTOR = YES;
				GCC_WARN_UNINITIALIZED_AUTOS = YES_AGGRESSIVE;
				GCC_WARN_UNUSED_FUNCTION = YES;
				GCC_WARN_UNUSED_VARIABLE = YES;
				IPHONEOS_DEPLOYMENT_TARGET = 14.5;
				MTL_ENABLE_DEBUG_INFO = NO;
				MTL_FAST_MATH = YES;
				SDKROOT = iphoneos;
				SWIFT_COMPILATION_MODE = wholemodule;
				SWIFT_OPTIMIZATION_LEVEL = "-O";
				VALIDATE_PRODUCT = YES;
			};
			name = Release;
		};
		D1EE9450267026E5000430AE /* Debug */ = {
			isa = XCBuildConfiguration;
			buildSettings = {
				ASSETCATALOG_COMPILER_APPICON_NAME = AppIcon;
				ASSETCATALOG_COMPILER_GLOBAL_ACCENT_COLOR_NAME = AccentColor;
				CODE_SIGN_STYLE = Automatic;
				DEVELOPMENT_ASSET_PATHS = "\"love-rugs/Preview Content\"";
				DEVELOPMENT_TEAM = 9BFGB3JLGU;
				ENABLE_PREVIEWS = YES;
				INFOPLIST_FILE = "love-rugs/Info.plist";
				IPHONEOS_DEPLOYMENT_TARGET = 14.0;
				LD_RUNPATH_SEARCH_PATHS = (
					"$(inherited)",
					"@executable_path/Frameworks",
				);
				PRODUCT_BUNDLE_IDENTIFIER = "com.stillsine.love-rugs";
				PRODUCT_NAME = "$(TARGET_NAME)";
				SWIFT_VERSION = 5.0;
				TARGETED_DEVICE_FAMILY = "1,2";
			};
			name = Debug;
		};
		D1EE9451267026E5000430AE /* Release */ = {
			isa = XCBuildConfiguration;
			buildSettings = {
				ASSETCATALOG_COMPILER_APPICON_NAME = AppIcon;
				ASSETCATALOG_COMPILER_GLOBAL_ACCENT_COLOR_NAME = AccentColor;
				CODE_SIGN_STYLE = Automatic;
				DEVELOPMENT_ASSET_PATHS = "\"love-rugs/Preview Content\"";
				DEVELOPMENT_TEAM = 9BFGB3JLGU;
				ENABLE_PREVIEWS = YES;
				INFOPLIST_FILE = "love-rugs/Info.plist";
				IPHONEOS_DEPLOYMENT_TARGET = 14.0;
				LD_RUNPATH_SEARCH_PATHS = (
					"$(inherited)",
					"@executable_path/Frameworks",
				);
				PRODUCT_BUNDLE_IDENTIFIER = "com.stillsine.love-rugs";
				PRODUCT_NAME = "$(TARGET_NAME)";
				SWIFT_VERSION = 5.0;
				TARGETED_DEVICE_FAMILY = "1,2";
			};
			name = Release;
		};
/* End XCBuildConfiguration section */

/* Begin XCConfigurationList section */
		D1EE943B267026E1000430AE /* Build configuration list for PBXProject "love-rugs" */ = {
			isa = XCConfigurationList;
			buildConfigurations = (
				D1EE944D267026E5000430AE /* Debug */,
				D1EE944E267026E5000430AE /* Release */,
			);
			defaultConfigurationIsVisible = 0;
			defaultConfigurationName = Release;
		};
		D1EE944F267026E5000430AE /* Build configuration list for PBXNativeTarget "love-rugs" */ = {
			isa = XCConfigurationList;
			buildConfigurations = (
				D1EE9450267026E5000430AE /* Debug */,
				D1EE9451267026E5000430AE /* Release */,
			);
			defaultConfigurationIsVisible = 0;
			defaultConfigurationName = Release;
		};
/* End XCConfigurationList section */
	};
	rootObject = D1EE9438267026E1000430AE /* Project object */;
}
